{
  "nodes": {
    "bun2nix": {
      "inputs": {
        "flake-parts": [
          "llm-agents",
          "flake-parts"
        ],
        "nixpkgs": [
          "llm-agents",
          "nixpkgs"
        ],
        "systems": [
          "llm-agents",
          "systems"
        ],
        "treefmt-nix": [
          "llm-agents",
          "treefmt-nix"
        ]
      },
      "locked": {
        "lastModified": 1788011267,
        "narHash": "sha256-mEq2kU+ljompTToZ44Afvm7d/rHJ5iMBl0tjZuyShJs=",
        "owner": "Mic92",
        "repo": "bun2nix",
        "rev": "5765b0614591f75ee8ba5596e81ae85c167d1071",
        "type": "github"
      },
      "original": {
        "owner": "Mic92",
        "ref": "fix-structured-attrs-hook",
        "repo": "bun2nix",
        "type": "github"
      }
    },
    "code-review-skill": {
      "flake": false,
      "locked": {
        "lastModified": 1788880185,
        "narHash": "sha256-hugc4SDGXAXBEgAYodfSTwg/FjjE9pTioxy+0VWyC34=",
        "owner": "awesome-skills",
        "repo": "code-review-skill",
        "rev": "4850184dfd7765ea7b3c5c4e9b6cf8e0815ee7cb",
        "type": "github"
      },
      "original": {
        "owner": "awesome-skills",
        "repo": "code-review-skill",
        "type": "github"
      }
    },
    "dim-unfocused": {
      "inputs": {
        "nixpkgs": "nixpkgs",
        "rust-overlay": "rust-overlay",
        "zellij-src": "zellij-src"
      },
      "locked": {
        "path": "./bespoke/zellij/dim-unfocused",
        "type": "path"
      },
      "original": {
        "path": "./bespoke/zellij/dim-unfocused",
        "type": "path"
      },
      "parent": []
    },
    "flake-compat": {
      "flake": false,
      "locked": {
        "lastModified": 1767039857,
        "narHash": "sha256-vNpUSpF5Nuw8xvDLj2KCwwksIbjua2LZCqhV1LNRDns=",
        "owner": "edolstra",
        "repo": "flake-compat",
        "rev": "5edf11c44bc78a0d334f6334cdaf7d60d732daab",
        "type": "github"
      },
      "original": {
        "owner": "edolstra",
        "repo": "flake-compat",
        "type": "github"
      }
    },
    "flake-parts": {
      "inputs": {
        "nixpkgs-lib": [
          "llm-agents",
          "nixpkgs"
        ]
      },
      "locked": {
        "lastModified": 1788450739,
        "narHash": "sha256-glZLQlzIn1fXH6PazR2iUmTo7kzzyYSshrWhLS9TqCU=",
        "owner": "hercules-ci",
        "repo": "flake-parts",
        "rev": "31729ca8cbdb4fa927b34e5f4353e6a83f39e993",
        "type": "github"
      },
      "original": {
        "owner": "hercules-ci",
        "repo": "flake-parts",
        "type": "github"
      }
    },
    "home-manager": {
      "inputs": {
        "nixpkgs": [
          "nixpkgs"
        ]
      },
      "locked": {
        "lastModified": 1789183968,
        "narHash": "sha256-pEWnYdIF1pBMZwarp/rEPzl+Lknhm5hhjSfeLxH8nAA=",
        "owner": "nix-community",
        "repo": "home-manager",
        "rev": "cd1c9e552f41894aeb5cc5cb353d5a1d61550357",
        "type": "github"
      },
      "original": {
        "owner": "nix-community",
        "repo": "home-manager",
        "type": "github"
      }
    },
    "llm-agents": {
      "inputs": {
        "bun2nix": "bun2nix",
        "flake-parts": "flake-parts",
        "nixpkgs": "nixpkgs_2",
        "systems": "systems",
        "treefmt-nix": "treefmt-nix"
      },
      "locked": {
        "lastModified": 1789203435,
        "narHash": "sha256-4JN4aEgvHZHwQ7fnmoVY0yzp9YeujV1q+JhB+sw5KGs=",
        "owner": "numtide",
        "repo": "llm-agents.nix",
        "rev": "826bb638c516f3cb58c45bb23310c9ec6224e66a",
        "type": "github"
      },
      "original": {
        "owner": "numtide",
        "repo": "llm-agents.nix",
        "type": "github"
      }
    },
    "nixos-wsl": {
      "inputs": {
        "flake-compat": "flake-compat",
        "nixpkgs": "nixpkgs_3"
      },
      "locked": {
        "lastModified": 1789164534,
        "narHash": "sha256-DoYGPM6QpnYBLWj9gGw6ZwAzIX+HrAVov1BoT+8Jixo=",
        "owner": "nix-community",
        "repo": "NixOS-WSL",
        "rev": "72c92b11bb8289e6651c7fef29cc0a885fd6a255",
        "type": "github"
      },
      "original": {
        "owner": "nix-community",
        "ref": "main",
        "repo": "NixOS-WSL",
        "type": "github"
      }
    },
    "nixpkgs": {
      "locked": {
        "lastModified": 1789006805,
        "narHash": "sha256-xB8mKMOx1IA9vTDNLmJZ6n4wCMq/cuWBBOzGCRnqxrU=",
        "owner": "nixos",
        "repo": "nixpkgs",
        "rev": "8ce4ef6cb6f871616146b9fe26d2a5ae594e94fe",
        "type": "github"
      },
      "original": {
        "owner": "nixos",
        "ref": "nixos-unstable",
        "repo": "nixpkgs",
        "type": "github"
      }
    },
    "nixpkgs_2": {
      "locked": {
        "lastModified": 1788982683,
        "narHash": "sha256-PJCTsE4I20CrJJPcye9/z6brRFysG5+aygr/dZK097k=",
        "owner": "NixOS",
        "repo": "nixpkgs",
        "rev": "5052d7ccbcfb7e4ae1586cb2ecf95a2e3707dce9",
        "type": "github"
      },
      "original": {
        "owner": "NixOS",
        "ref": "nixpkgs-unstable",
        "repo": "nixpkgs",
        "type": "github"
      }
    },
    "nixpkgs_3": {
      "locked": {
        "lastModified": 1789006805,
        "narHash": "sha256-xB8mKMOx1IA9vTDNLmJZ6n4wCMq/cuWBBOzGCRnqxrU=",
        "owner": "NixOS",
        "repo": "nixpkgs",
        "rev": "8ce4ef6cb6f871616146b9fe26d2a5ae594e94fe",
        "type": "github"
      },
      "original": {
        "owner": "NixOS",
        "ref": "nixos-unstable",
        "repo": "nixpkgs",
        "type": "github"
      }
    },
    "nixpkgs_4": {
      "locked": {
        "lastModified": 1789006805,
        "narHash": "sha256-xB8mKMOx1IA9vTDNLmJZ6n4wCMq/cuWBBOzGCRnqxrU=",
        "owner": "nixos",
        "repo": "nixpkgs",
        "rev": "8ce4ef6cb6f871616146b9fe26d2a5ae594e94fe",
        "type": "github"
      },
      "original": {
        "owner": "nixos",
        "ref": "nixos-unstable",
        "repo": "nixpkgs",
        "type": "github"
      }
    },
    "root": {
      "inputs": {
        "code-review-skill": "code-review-skill",
        "dim-unfocused": "dim-unfocused",
        "home-manager": "home-manager",
        "llm-agents": "llm-agents",
        "nixos-wsl": "nixos-wsl",
        "nixpkgs": "nixpkgs_4"
      }
    },
    "rust-overlay": {
      "inputs": {
        "nixpkgs": [
          "dim-unfocused",
          "nixpkgs"
        ]
      },
      "locked": {
        "lastModified": 1789196581,
        "narHash": "sha256-yJr1Bt4fKkKIpPYbsKGqJ0VFdoDnURgRwuffmBQ2WzY=",
        "owner": "oxalica",
        "repo": "rust-overlay",
        "rev": "228ecefb6329d5a531b77b46b581a2f0c26ee056",
        "type": "github"
      },
      "original": {
        "owner": "oxalica",
        "repo": "rust-overlay",
        "type": "github"
      }
    },
    "systems": {
      "locked": {
        "lastModified": 1681028828,
        "narHash": "sha256-Vy1rq5AaRuLzOxct8nz4T6wlgyUR7zLU309k9mBC768=",
        "owner": "nix-systems",
        "repo": "default",
        "rev": "da67096a3b9bf56a91d16901293e51ba5b49a27e",
        "type": "github"
      },
      "original": {
        "owner": "nix-systems",
        "repo": "default",
        "type": "github"
      }
    },
    "treefmt-nix": {
      "inputs": {
        "nixpkgs": [
          "llm-agents",
          "nixpkgs"
        ]
      },
      "locked": {
        "lastModified": 1786901030,
        "narHash": "sha256-WSFCsDSE5ffgD2MqzkM2CYjeFiKhRF/dJUN8uedb6YE=",
        "owner": "numtide",
        "repo": "treefmt-nix",
        "rev": "27b3b12a8e6375f28ebe122f07d230ca5459bbfa",
        "type": "github"
      },
      "original": {
        "owner": "numtide",
        "repo": "treefmt-nix",
        "type": "github"
      }
    },
    "zellij-src": {
      "flake": false,
      "locked": {
        "lastModified": 1788269332,
        "narHash": "sha256-I1PQd0+yJ10jXuGdSTeF1mbzNREPDqOD6NGj6+GH808=",
        "owner": "tteggel",
        "repo": "zellij",
        "rev": "7ab58050120898096151a7e5764a63c7463e66fd",
        "type": "github"
      },
      "original": {
        "owner": "tteggel",
        "ref": "pane-shaders-static",
        "repo": "zellij",
        "type": "github"
      }
    }
  },
  "root": "root",
  "version": 7
}
