{
  "nodes": {
    "nixpkgs": {
      "locked": {
        "lastModified": 1790578696,
        "narHash": "sha256-ZoxIApko70jCdbH3l20HWXOBaT2HZd87orzd2yJ9dVE=",
        "owner": "nixos",
        "repo": "nixpkgs",
        "rev": "7a0f122f5090cf4c2ade2a13a0e229d4e19ba71f",
        "type": "github"
      },
      "original": {
        "owner": "nixos",
        "ref": "nixos-unstable",
        "repo": "nixpkgs",
        "type": "github"
      }
    },
    "root": {
      "inputs": {
        "nixpkgs": "nixpkgs",
        "rust-overlay": "rust-overlay",
        "zellij-src": "zellij-src"
      }
    },
    "rust-overlay": {
      "inputs": {
        "nixpkgs": [
          "nixpkgs"
        ]
      },
      "locked": {
        "lastModified": 1790669703,
        "narHash": "sha256-PA75DaxgfJSDNr1eDF/l9TDfNxSUAjPRt08fICQWOqc=",
        "owner": "oxalica",
        "repo": "rust-overlay",
        "rev": "49b6548d31019e8bfe9d4415193ac1df3c48f53a",
        "type": "github"
      },
      "original": {
        "owner": "oxalica",
        "repo": "rust-overlay",
        "type": "github"
      }
    },
    "zellij-src": {
      "flake": false,
      "locked": {
        "lastModified": 1790533388,
        "narHash": "sha256-HS2OSPKtRH+2braMdlft1L3AS/cK0suLLlQBNICL5q0=",
        "owner": "tteggel",
        "repo": "zellij",
        "rev": "c12f06278c3afb2c1552ca2634955d17361b5ef1",
        "type": "github"
      },
      "original": {
        "owner": "tteggel",
        "ref": "pane-shaders-static",
        "repo": "zellij",
        "type": "github"
      }
    }
  },
  "root": "root",
  "version": 7
}
