{
  "nodes": {
    "nixpkgs": {
      "locked": {
        "lastModified": 1773821835,
        "narHash": "sha256-TJ3lSQtW0E2JrznGVm8hOQGVpXjJyXY2guAxku2O9A4=",
        "owner": "nixos",
        "repo": "nixpkgs",
        "rev": "b40629efe5d6ec48dd1efba650c797ddbd39ace0",
        "type": "github"
      },
      "original": {
        "owner": "nixos",
        "ref": "nixos-unstable",
        "repo": "nixpkgs",
        "type": "github"
      }
    },
    "root": {
      "inputs": {
        "nixpkgs": "nixpkgs",
        "rust-overlay": "rust-overlay",
        "zellij-src": "zellij-src"
      }
    },
    "rust-overlay": {
      "inputs": {
        "nixpkgs": [
          "nixpkgs"
        ]
      },
      "locked": {
        "lastModified": 1773975983,
        "narHash": "sha256-zrRVwdfhDdohANqEhzY/ydeza6EXEi8AG6cyMRNYT9Q=",
        "owner": "oxalica",
        "repo": "rust-overlay",
        "rev": "cc80954a95f6f356c303ed9f08d0b63ca86216ac",
        "type": "github"
      },
      "original": {
        "owner": "oxalica",
        "repo": "rust-overlay",
        "type": "github"
      }
    },
    "zellij-src": {
      "flake": false,
      "locked": {
        "lastModified": 1779045365,
        "narHash": "sha256-EnCgNuvmjHCgBAzaRCQT/H/nBJdi0FeJ5K9dbO7MPyo=",
        "owner": "tteggel",
        "repo": "zellij",
        "rev": "b99c1b5871fbfec5b4b33f9615942956666c3b02",
        "type": "github"
      },
      "original": {
        "owner": "tteggel",
        "ref": "pane-shaders-static",
        "repo": "zellij",
        "type": "github"
      }
    }
  },
  "root": "root",
  "version": 7
}
